
Microsoft Visual Studio Solution File, Format Version 10.00
# Visual Studio 2008
Project("{8BC9CEB8-8B4A-11D0-8D11-00A0C91BC942}") = "CommonLibrary", "src\CommonLibrary\CommonLibrary.vcproj", "{EAFD4229-989B-4D24-A98D-D7963F72420E}"
	ProjectSection(ProjectDependencies) = postProject
		{8B1B1CF4-2EF8-4AD8-B9BC-39A369410930} = {8B1B1CF4-2EF8-4AD8-B9BC-39A369410930}
	EndProjectSection
EndProject
Project("{8BC9CEB8-8B4A-11D0-8D11-00A0C91BC942}") = "Utility", "src\Utility\Utility.vcproj", "{1C8963ED-CA34-476B-8195-BB6AF88E72CB}"
	ProjectSection(ProjectDependencies) = postProject
		{8B1B1CF4-2EF8-4AD8-B9BC-39A369410930} = {8B1B1CF4-2EF8-4AD8-B9BC-39A369410930}
	EndProjectSection
EndProject
Project("{8BC9CEB8-8B4A-11D0-8D11-00A0C91BC942}") = "Skin", "src\SkinV8\Skin.8.vcproj", "{8B1B1CF4-2EF8-4AD8-B9BC-39A369410930}"
EndProject
Project("{8BC9CEB8-8B4A-11D0-8D11-00A0C91BC942}") = "ErrorReport", "src\ErrorReport\ErrorReport.vcproj", "{C63C161D-7BCA-47B4-9303-F96282BB0A6F}"
	ProjectSection(ProjectDependencies) = postProject
		{EAFD4229-989B-4D24-A98D-D7963F72420E} = {EAFD4229-989B-4D24-A98D-D7963F72420E}
	EndProjectSection
EndProject
Project("{8BC9CEB8-8B4A-11D0-8D11-00A0C91BC942}") = "Hall", "src\Hall\Hall.vcproj", "{EFE25CA1-FFFF-462D-950D-91A0FB48C784}"
	ProjectSection(ProjectDependencies) = postProject
		{EAFD4229-989B-4D24-A98D-D7963F72420E} = {EAFD4229-989B-4D24-A98D-D7963F72420E}
		{1C8963ED-CA34-476B-8195-BB6AF88E72CB} = {1C8963ED-CA34-476B-8195-BB6AF88E72CB}
	EndProjectSection
EndProject
Project("{8BC9CEB8-8B4A-11D0-8D11-00A0C91BC942}") = "Core", "src\Core\Core.vcproj", "{898EB313-B189-4154-8C5D-63FE4B51181D}"
	ProjectSection(ProjectDependencies) = postProject
		{C63C161D-7BCA-47B4-9303-F96282BB0A6F} = {C63C161D-7BCA-47B4-9303-F96282BB0A6F}
		{EAFD4229-989B-4D24-A98D-D7963F72420E} = {EAFD4229-989B-4D24-A98D-D7963F72420E}
	EndProjectSection
EndProject
Project("{8BC9CEB8-8B4A-11D0-8D11-00A0C91BC942}") = "HTMLEdit", "src\HTMLEdit\HTMLEdit.vcproj", "{2AE908F9-6DB1-4101-8400-2BACC7A08543}"
	ProjectSection(ProjectDependencies) = postProject
		{EAFD4229-989B-4D24-A98D-D7963F72420E} = {EAFD4229-989B-4D24-A98D-D7963F72420E}
		{1C8963ED-CA34-476B-8195-BB6AF88E72CB} = {1C8963ED-CA34-476B-8195-BB6AF88E72CB}
	EndProjectSection
EndProject
Project("{8BC9CEB8-8B4A-11D0-8D11-00A0C91BC942}") = "Web", "src\Web\Web.vcproj", "{0D7A36F2-289A-4EEF-8432-F002E993617A}"
	ProjectSection(ProjectDependencies) = postProject
		{EAFD4229-989B-4D24-A98D-D7963F72420E} = {EAFD4229-989B-4D24-A98D-D7963F72420E}
	EndProjectSection
EndProject
Project("{8BC9CEB8-8B4A-11D0-8D11-00A0C91BC942}") = "CommonDll", "src\CommonDll\CommonDll.vcproj", "{830088B0-DD8B-406B-BCFB-B4A4A14D683B}"
EndProject
Project("{8BC9CEB8-8B4A-11D0-8D11-00A0C91BC942}") = "Channel", "src\Channel_AAC\Channel.vcproj", "{BD58D4F8-339A-4914-A1E7-7CE396321D24}"
	ProjectSection(ProjectDependencies) = postProject
		{830088B0-DD8B-406B-BCFB-B4A4A14D683B} = {830088B0-DD8B-406B-BCFB-B4A4A14D683B}
	EndProjectSection
EndProject
Project("{8BC9CEB8-8B4A-11D0-8D11-00A0C91BC942}") = "AV", "src\AV_AAC\AV.vcproj", "{5EBE84B6-F901-4006-909E-FE8F6AC6DC06}"
	ProjectSection(ProjectDependencies) = postProject
		{898EB313-B189-4154-8C5D-63FE4B51181D} = {898EB313-B189-4154-8C5D-63FE4B51181D}
		{EAFD4229-989B-4D24-A98D-D7963F72420E} = {EAFD4229-989B-4D24-A98D-D7963F72420E}
		{830088B0-DD8B-406B-BCFB-B4A4A14D683B} = {830088B0-DD8B-406B-BCFB-B4A4A14D683B}
	EndProjectSection
EndProject
Project("{8BC9CEB8-8B4A-11D0-8D11-00A0C91BC942}") = "x179", "src\x179\x179.vcproj", "{E8D569E3-BB0D-488E-AC0C-CFE8E13B4B47}"
	ProjectSection(ProjectDependencies) = postProject
		{EAFD4229-989B-4D24-A98D-D7963F72420E} = {EAFD4229-989B-4D24-A98D-D7963F72420E}
	EndProjectSection
EndProject
Project("{8BC9CEB8-8B4A-11D0-8D11-00A0C91BC942}") = "x179Plugin", "src\x179Plugin\x179Plugin.vcproj", "{27F6A8C7-00DD-4738-AFB4-378200E9381A}"
EndProject
Project("{8BC9CEB8-8B4A-11D0-8D11-00A0C91BC942}") = "Room", "src\Room3\Room.vcproj", "{451DD783-F5A6-45A1-8CE4-7CF1A23570DE}"
	ProjectSection(ProjectDependencies) = postProject
		{C63C161D-7BCA-47B4-9303-F96282BB0A6F} = {C63C161D-7BCA-47B4-9303-F96282BB0A6F}
		{EAFD4229-989B-4D24-A98D-D7963F72420E} = {EAFD4229-989B-4D24-A98D-D7963F72420E}
		{830088B0-DD8B-406B-BCFB-B4A4A14D683B} = {830088B0-DD8B-406B-BCFB-B4A4A14D683B}
		{1C8963ED-CA34-476B-8195-BB6AF88E72CB} = {1C8963ED-CA34-476B-8195-BB6AF88E72CB}
		{2AE908F9-6DB1-4101-8400-2BACC7A08543} = {2AE908F9-6DB1-4101-8400-2BACC7A08543}
	EndProjectSection
EndProject
Project("{8BC9CEB8-8B4A-11D0-8D11-00A0C91BC942}") = "LiveShow", "src\LiveShow\LiveShow.vcproj", "{B19CE33D-206E-42C5-82EB-DDAD89A3796C}"
	ProjectSection(ProjectDependencies) = postProject
		{898EB313-B189-4154-8C5D-63FE4B51181D} = {898EB313-B189-4154-8C5D-63FE4B51181D}
		{EAFD4229-989B-4D24-A98D-D7963F72420E} = {EAFD4229-989B-4D24-A98D-D7963F72420E}
		{451DD783-F5A6-45A1-8CE4-7CF1A23570DE} = {451DD783-F5A6-45A1-8CE4-7CF1A23570DE}
		{EFE25CA1-FFFF-462D-950D-91A0FB48C784} = {EFE25CA1-FFFF-462D-950D-91A0FB48C784}
		{1C8963ED-CA34-476B-8195-BB6AF88E72CB} = {1C8963ED-CA34-476B-8195-BB6AF88E72CB}
		{0D7A36F2-289A-4EEF-8432-F002E993617A} = {0D7A36F2-289A-4EEF-8432-F002E993617A}
		{8B1B1CF4-2EF8-4AD8-B9BC-39A369410930} = {8B1B1CF4-2EF8-4AD8-B9BC-39A369410930}
		{2AE908F9-6DB1-4101-8400-2BACC7A08543} = {2AE908F9-6DB1-4101-8400-2BACC7A08543}
	EndProjectSection
EndProject
Global
	GlobalSection(SolutionConfigurationPlatforms) = preSolution
		Debug|Win32 = Debug|Win32
		Release|Win32 = Release|Win32
	EndGlobalSection
	GlobalSection(ProjectConfigurationPlatforms) = postSolution
		{EAFD4229-989B-4D24-A98D-D7963F72420E}.Debug|Win32.ActiveCfg = Debug|Win32
		{EAFD4229-989B-4D24-A98D-D7963F72420E}.Debug|Win32.Build.0 = Debug|Win32
		{EAFD4229-989B-4D24-A98D-D7963F72420E}.Release|Win32.ActiveCfg = Release|Win32
		{EAFD4229-989B-4D24-A98D-D7963F72420E}.Release|Win32.Build.0 = Release|Win32
		{1C8963ED-CA34-476B-8195-BB6AF88E72CB}.Debug|Win32.ActiveCfg = Debug|Win32
		{1C8963ED-CA34-476B-8195-BB6AF88E72CB}.Debug|Win32.Build.0 = Debug|Win32
		{1C8963ED-CA34-476B-8195-BB6AF88E72CB}.Release|Win32.ActiveCfg = Release|Win32
		{1C8963ED-CA34-476B-8195-BB6AF88E72CB}.Release|Win32.Build.0 = Release|Win32
		{8B1B1CF4-2EF8-4AD8-B9BC-39A369410930}.Debug|Win32.ActiveCfg = Debug|Win32
		{8B1B1CF4-2EF8-4AD8-B9BC-39A369410930}.Debug|Win32.Build.0 = Debug|Win32
		{8B1B1CF4-2EF8-4AD8-B9BC-39A369410930}.Release|Win32.ActiveCfg = Release|Win32
		{8B1B1CF4-2EF8-4AD8-B9BC-39A369410930}.Release|Win32.Build.0 = Release|Win32
		{C63C161D-7BCA-47B4-9303-F96282BB0A6F}.Debug|Win32.ActiveCfg = Debug|Win32
		{C63C161D-7BCA-47B4-9303-F96282BB0A6F}.Debug|Win32.Build.0 = Debug|Win32
		{C63C161D-7BCA-47B4-9303-F96282BB0A6F}.Release|Win32.ActiveCfg = Release|Win32
		{C63C161D-7BCA-47B4-9303-F96282BB0A6F}.Release|Win32.Build.0 = Release|Win32
		{EFE25CA1-FFFF-462D-950D-91A0FB48C784}.Debug|Win32.ActiveCfg = Debug|Win32
		{EFE25CA1-FFFF-462D-950D-91A0FB48C784}.Debug|Win32.Build.0 = Debug|Win32
		{EFE25CA1-FFFF-462D-950D-91A0FB48C784}.Release|Win32.ActiveCfg = Release|Win32
		{EFE25CA1-FFFF-462D-950D-91A0FB48C784}.Release|Win32.Build.0 = Release|Win32
		{898EB313-B189-4154-8C5D-63FE4B51181D}.Debug|Win32.ActiveCfg = Debug|Win32
		{898EB313-B189-4154-8C5D-63FE4B51181D}.Debug|Win32.Build.0 = Debug|Win32
		{898EB313-B189-4154-8C5D-63FE4B51181D}.Release|Win32.ActiveCfg = Release|Win32
		{898EB313-B189-4154-8C5D-63FE4B51181D}.Release|Win32.Build.0 = Release|Win32
		{2AE908F9-6DB1-4101-8400-2BACC7A08543}.Debug|Win32.ActiveCfg = Debug|Win32
		{2AE908F9-6DB1-4101-8400-2BACC7A08543}.Debug|Win32.Build.0 = Debug|Win32
		{2AE908F9-6DB1-4101-8400-2BACC7A08543}.Release|Win32.ActiveCfg = Release|Win32
		{2AE908F9-6DB1-4101-8400-2BACC7A08543}.Release|Win32.Build.0 = Release|Win32
		{0D7A36F2-289A-4EEF-8432-F002E993617A}.Debug|Win32.ActiveCfg = Debug|Win32
		{0D7A36F2-289A-4EEF-8432-F002E993617A}.Debug|Win32.Build.0 = Debug|Win32
		{0D7A36F2-289A-4EEF-8432-F002E993617A}.Release|Win32.ActiveCfg = Release|Win32
		{0D7A36F2-289A-4EEF-8432-F002E993617A}.Release|Win32.Build.0 = Release|Win32
		{830088B0-DD8B-406B-BCFB-B4A4A14D683B}.Debug|Win32.ActiveCfg = Debug|Win32
		{830088B0-DD8B-406B-BCFB-B4A4A14D683B}.Debug|Win32.Build.0 = Debug|Win32
		{830088B0-DD8B-406B-BCFB-B4A4A14D683B}.Release|Win32.ActiveCfg = Release|Win32
		{830088B0-DD8B-406B-BCFB-B4A4A14D683B}.Release|Win32.Build.0 = Release|Win32
		{BD58D4F8-339A-4914-A1E7-7CE396321D24}.Debug|Win32.ActiveCfg = Debug|Win32
		{BD58D4F8-339A-4914-A1E7-7CE396321D24}.Debug|Win32.Build.0 = Debug|Win32
		{BD58D4F8-339A-4914-A1E7-7CE396321D24}.Release|Win32.ActiveCfg = Release|Win32
		{BD58D4F8-339A-4914-A1E7-7CE396321D24}.Release|Win32.Build.0 = Release|Win32
		{5EBE84B6-F901-4006-909E-FE8F6AC6DC06}.Debug|Win32.ActiveCfg = Debug|Win32
		{5EBE84B6-F901-4006-909E-FE8F6AC6DC06}.Debug|Win32.Build.0 = Debug|Win32
		{5EBE84B6-F901-4006-909E-FE8F6AC6DC06}.Release|Win32.ActiveCfg = Release|Win32
		{5EBE84B6-F901-4006-909E-FE8F6AC6DC06}.Release|Win32.Build.0 = Release|Win32
		{E8D569E3-BB0D-488E-AC0C-CFE8E13B4B47}.Debug|Win32.ActiveCfg = Debug|Win32
		{E8D569E3-BB0D-488E-AC0C-CFE8E13B4B47}.Debug|Win32.Build.0 = Debug|Win32
		{E8D569E3-BB0D-488E-AC0C-CFE8E13B4B47}.Release|Win32.ActiveCfg = Release|Win32
		{E8D569E3-BB0D-488E-AC0C-CFE8E13B4B47}.Release|Win32.Build.0 = Release|Win32
		{27F6A8C7-00DD-4738-AFB4-378200E9381A}.Debug|Win32.ActiveCfg = Debug|Win32
		{27F6A8C7-00DD-4738-AFB4-378200E9381A}.Debug|Win32.Build.0 = Debug|Win32
		{27F6A8C7-00DD-4738-AFB4-378200E9381A}.Release|Win32.ActiveCfg = Release|Win32
		{27F6A8C7-00DD-4738-AFB4-378200E9381A}.Release|Win32.Build.0 = Release|Win32
		{451DD783-F5A6-45A1-8CE4-7CF1A23570DE}.Debug|Win32.ActiveCfg = Debug|Win32
		{451DD783-F5A6-45A1-8CE4-7CF1A23570DE}.Debug|Win32.Build.0 = Debug|Win32
		{451DD783-F5A6-45A1-8CE4-7CF1A23570DE}.Release|Win32.ActiveCfg = Release|Win32
		{451DD783-F5A6-45A1-8CE4-7CF1A23570DE}.Release|Win32.Build.0 = Release|Win32
		{B19CE33D-206E-42C5-82EB-DDAD89A3796C}.Debug|Win32.ActiveCfg = Debug|Win32
		{B19CE33D-206E-42C5-82EB-DDAD89A3796C}.Debug|Win32.Build.0 = Debug|Win32
		{B19CE33D-206E-42C5-82EB-DDAD89A3796C}.Release|Win32.ActiveCfg = Release|Win32
		{B19CE33D-206E-42C5-82EB-DDAD89A3796C}.Release|Win32.Build.0 = Release|Win32
	EndGlobalSection
	GlobalSection(SolutionProperties) = preSolution
		HideSolutionNode = FALSE
	EndGlobalSection
EndGlobal
